{
    "_meta": {
        "hash": {
            "sha256": "a6dd985b83da8f13f857b69bc3baa54be7d39b7115183b95848faa5f1969c36b"
        },
        "pipfile-spec": 6,
        "requires": {
            "python_version": "3.6"
        },
        "sources": [
            {
                "name": "pypi",
                "url": "https://pypi.org/simple",
                "verify_ssl": true
            }
        ]
    },
    "default": {
        "titlecase": {
            "hashes": [
                "sha256:84de7a97fb702c400e5ba11c6b30849944b39db12e20fbf4515a23c7538a0611",
                "sha256:95d643a0c08097c02933aced707adfe1c275c335019e8e514dea782a465c5b84"
            ],
            "index": "pypi",
            "version": "==0.12.0"
        }
    },
    "develop": {}
}
